
Microsoft Visual Studio Solution File, Format Version 12.00
# Visual Studio Version 16
VisualStudioVersion = 16.0.30804.86
MinimumVisualStudioVersion = 10.0.40219.1
Project("{9A19103F-16F7-4668-BE54-9A1E7A4F7556}") = "Entities", "Entities\Entities.csproj", "{587B3D13-025B-42D6-B71B-61EC92305275}"
EndProject
Project("{9A19103F-16F7-4668-BE54-9A1E7A4F7556}") = "DataAccess", "DataAccess\DataAccess.csproj", "{F41169B4-4564-4F34-B27D-405B3A5D23DC}"
EndProject
Project("{9A19103F-16F7-4668-BE54-9A1E7A4F7556}") = "Core", "Core\Core.csproj", "{1A5329A1-DA8C-479B-973D-C2CC0588BB7D}"
EndProject
Project("{9A19103F-16F7-4668-BE54-9A1E7A4F7556}") = "Business", "Business\Business.csproj", "{0E8FEF62-D4BB-469E-A3C9-93751CDEFF2B}"
EndProject
Project("{FAE04EC0-301F-11D3-BF4B-00C04F79EFBC}") = "ConsoleUI", "ConsoleUI\ConsoleUI.csproj", "{64847F50-8217-47EA-9A40-42C517DAC65C}"
EndProject
Global
	GlobalSection(SolutionConfigurationPlatforms) = preSolution
		Debug|Any CPU = Debug|Any CPU
		Release|Any CPU = Release|Any CPU
	EndGlobalSection
	GlobalSection(ProjectConfigurationPlatforms) = postSolution
		{587B3D13-025B-42D6-B71B-61EC92305275}.Debug|Any CPU.ActiveCfg = Debug|Any CPU
		{587B3D13-025B-42D6-B71B-61EC92305275}.Debug|Any CPU.Build.0 = Debug|Any CPU
		{587B3D13-025B-42D6-B71B-61EC92305275}.Release|Any CPU.ActiveCfg = Release|Any CPU
		{587B3D13-025B-42D6-B71B-61EC92305275}.Release|Any CPU.Build.0 = Release|Any CPU
		{F41169B4-4564-4F34-B27D-405B3A5D23DC}.Debug|Any CPU.ActiveCfg = Debug|Any CPU
		{F41169B4-4564-4F34-B27D-405B3A5D23DC}.Debug|Any CPU.Build.0 = Debug|Any CPU
		{F41169B4-4564-4F34-B27D-405B3A5D23DC}.Release|Any CPU.ActiveCfg = Release|Any CPU
		{F41169B4-4564-4F34-B27D-405B3A5D23DC}.Release|Any CPU.Build.0 = Release|Any CPU
		{1A5329A1-DA8C-479B-973D-C2CC0588BB7D}.Debug|Any CPU.ActiveCfg = Debug|Any CPU
		{1A5329A1-DA8C-479B-973D-C2CC0588BB7D}.Debug|Any CPU.Build.0 = Debug|Any CPU
		{1A5329A1-DA8C-479B-973D-C2CC0588BB7D}.Release|Any CPU.ActiveCfg = Release|Any CPU
		{1A5329A1-DA8C-479B-973D-C2CC0588BB7D}.Release|Any CPU.Build.0 = Release|Any CPU
		{0E8FEF62-D4BB-469E-A3C9-93751CDEFF2B}.Debug|Any CPU.ActiveCfg = Debug|Any CPU
		{0E8FEF62-D4BB-469E-A3C9-93751CDEFF2B}.Debug|Any CPU.Build.0 = Debug|Any CPU
		{0E8FEF62-D4BB-469E-A3C9-93751CDEFF2B}.Release|Any CPU.ActiveCfg = Release|Any CPU
		{0E8FEF62-D4BB-469E-A3C9-93751CDEFF2B}.Release|Any CPU.Build.0 = Release|Any CPU
		{64847F50-8217-47EA-9A40-42C517DAC65C}.Debug|Any CPU.ActiveCfg = Debug|Any CPU
		{64847F50-8217-47EA-9A40-42C517DAC65C}.Debug|Any CPU.Build.0 = Debug|Any CPU
		{64847F50-8217-47EA-9A40-42C517DAC65C}.Release|Any CPU.ActiveCfg = Release|Any CPU
		{64847F50-8217-47EA-9A40-42C517DAC65C}.Release|Any CPU.Build.0 = Release|Any CPU
	EndGlobalSection
	GlobalSection(SolutionProperties) = preSolution
		HideSolutionNode = FALSE
	EndGlobalSection
	GlobalSection(ExtensibilityGlobals) = postSolution
		SolutionGuid = {34D5A071-8C78-446F-8951-166350F42338}
	EndGlobalSection
EndGlobal
